{
  "nodes": {
    "microvm": {
      "inputs": {
        "nixpkgs": [
          "nixpkgs"
        ],
        "spectrum": "spectrum"
      },
      "locked": {
        "lastModified": 1778669912,
        "narHash": "sha256-WT2iimtOBZM/6AcZeBoJU2EgUSaywtlItsEgNkZBda0=",
        "owner": "microvm-nix",
        "repo": "microvm.nix",
        "rev": "a7a7009064cec75d9da652c6723412ce27b9bc44",
        "type": "github"
      },
      "original": {
        "owner": "microvm-nix",
        "repo": "microvm.nix",
        "type": "github"
      }
    },
    "mvm": {
      "flake": false,
      "locked": {
        "lastModified": 1790961568,
        "narHash": "sha256-a2azh/r7sDnGLfWExfr4rv+vUIEsAo8GYiQZkIsaEtA=",
        "owner": "tinylabscom",
        "repo": "mvm",
        "rev": "4e65b221744885e536ec91a3f2948cdc508dcb49",
        "type": "github"
      },
      "original": {
        "owner": "tinylabscom",
        "repo": "mvm",
        "rev": "4e65b221744885e536ec91a3f2948cdc508dcb49",
        "type": "github"
      }
    },
    "nixpkgs": {
      "locked": {
        "lastModified": 1778430510,
        "narHash": "sha256-Ti+ZBvW6yrWWAg2szExVTwCd4qOJ3KlVr1tFHfyfi8Q=",
        "owner": "NixOS",
        "repo": "nixpkgs",
        "rev": "8fd9daa3db09ced9700431c5b7ad0e8ba199b575",
        "type": "github"
      },
      "original": {
        "owner": "NixOS",
        "ref": "nixos-25.11",
        "repo": "nixpkgs",
        "type": "github"
      }
    },
    "nixpkgs-initramfs": {
      "locked": {
        "lastModified": 1782847189,
        "narHash": "sha256-twXPFqFsrrY5r28Zh7Homgcp2gUMBgQ6WDS98Q/3xFI=",
        "owner": "NixOS",
        "repo": "nixpkgs",
        "rev": "b6018f87da91d19d0ab4cf979885689b469cdd41",
        "type": "github"
      },
      "original": {
        "owner": "NixOS",
        "ref": "nixos-25.11",
        "repo": "nixpkgs",
        "type": "github"
      }
    },
    "root": {
      "inputs": {
        "microvm": "microvm",
        "mvm": "mvm",
        "nixpkgs": "nixpkgs",
        "nixpkgs-initramfs": "nixpkgs-initramfs"
      }
    },
    "spectrum": {
      "flake": false,
      "locked": {
        "lastModified": 1772189877,
        "narHash": "sha256-i1p90Rgssb//aNiTDFq46ZG/fk3LmyRLChtp/9lddyA=",
        "ref": "refs/heads/main",
        "rev": "fe39e122d898f66e89ffa17d4f4209989ccb5358",
        "revCount": 1255,
        "type": "git",
        "url": "https://spectrum-os.org/git/spectrum"
      },
      "original": {
        "type": "git",
        "url": "https://spectrum-os.org/git/spectrum"
      }
    }
  },
  "root": "root",
  "version": 7
}
